
Microsoft Visual Studio Solution File, Format Version 12.00
# Visual Studio Version 17
VisualStudioVersion = 17.9.34622.214
MinimumVisualStudioVersion = 10.0.40219.1
Project("{FAE04EC0-301F-11D3-BF4B-00C04F79EFBC}") = "MangmentSystem", "MangmentSystem\MangmentSystem.csproj", "{FA847E37-80C0-44A4-A3D8-0F5F8B07A16E}"
EndProject
Global
	GlobalSection(SolutionConfigurationPlatforms) = preSolution
		Debug|Any CPU = Debug|Any CPU
		Release|Any CPU = Release|Any CPU
	EndGlobalSection
	GlobalSection(ProjectConfigurationPlatforms) = postSolution
		{FA847E37-80C0-44A4-A3D8-0F5F8B07A16E}.Debug|Any CPU.ActiveCfg = Debug|Any CPU
		{FA847E37-80C0-44A4-A3D8-0F5F8B07A16E}.Debug|Any CPU.Build.0 = Debug|Any CPU
		{FA847E37-80C0-44A4-A3D8-0F5F8B07A16E}.Release|Any CPU.ActiveCfg = Release|Any CPU
		{FA847E37-80C0-44A4-A3D8-0F5F8B07A16E}.Release|Any CPU.Build.0 = Release|Any CPU
	EndGlobalSection
	GlobalSection(SolutionProperties) = preSolution
		HideSolutionNode = FALSE
	EndGlobalSection
	GlobalSection(ExtensibilityGlobals) = postSolution
		SolutionGuid = {D0B876CE-2470-46CE-86DD-546A944D6CFB}
	EndGlobalSection
EndGlobal
